
Microsoft Visual Studio Solution File, Format Version 12.00
# Visual Studio 14
VisualStudioVersion = 14.0.25123.0
MinimumVisualStudioVersion = 10.0.40219.1
Project("{FAE04EC0-301F-11D3-BF4B-00C04F79EFBC}") = "RYBKI", "RYBKI\RYBKI.csproj", "{D5774C82-02ED-40F1-AF57-63389B5B0DFF}"
EndProject
Project("{FAE04EC0-301F-11D3-BF4B-00C04F79EFBC}") = "RYBKITests", "RYBKITests\RYBKITests.csproj", "{7CC6E424-422B-4094-BF25-9298A2D69FE6}"
EndProject
Global
	GlobalSection(SolutionConfigurationPlatforms) = preSolution
		Debug|Any CPU = Debug|Any CPU
		Release|Any CPU = Release|Any CPU
	EndGlobalSection
	GlobalSection(ProjectConfigurationPlatforms) = postSolution
		{D5774C82-02ED-40F1-AF57-63389B5B0DFF}.Debug|Any CPU.ActiveCfg = Debug|Any CPU
		{D5774C82-02ED-40F1-AF57-63389B5B0DFF}.Debug|Any CPU.Build.0 = Debug|Any CPU
		{D5774C82-02ED-40F1-AF57-63389B5B0DFF}.Release|Any CPU.ActiveCfg = Release|Any CPU
		{D5774C82-02ED-40F1-AF57-63389B5B0DFF}.Release|Any CPU.Build.0 = Release|Any CPU
		{7CC6E424-422B-4094-BF25-9298A2D69FE6}.Debug|Any CPU.ActiveCfg = Debug|Any CPU
		{7CC6E424-422B-4094-BF25-9298A2D69FE6}.Debug|Any CPU.Build.0 = Debug|Any CPU
		{7CC6E424-422B-4094-BF25-9298A2D69FE6}.Release|Any CPU.ActiveCfg = Release|Any CPU
		{7CC6E424-422B-4094-BF25-9298A2D69FE6}.Release|Any CPU.Build.0 = Release|Any CPU
	EndGlobalSection
	GlobalSection(SolutionProperties) = preSolution
		HideSolutionNode = FALSE
	EndGlobalSection
EndGlobal
